
Microsoft Visual Studio Solution File, Format Version 12.00
# Visual Studio 15
VisualStudioVersion = 15.0.28307.705
MinimumVisualStudioVersion = 10.0.40219.1
Project("{FAE04EC0-301F-11D3-BF4B-00C04F79EFBC}") = "AtomFitting", "AtomFitting.csproj", "{A859CA76-5B14-4F86-8E17-EC8CD308D2D9}"
	ProjectSection(ProjectDependencies) = postProject
		{6654EE55-B589-40BD-BFF9-1BCC0A6E9916} = {6654EE55-B589-40BD-BFF9-1BCC0A6E9916}
	EndProjectSection
EndProject
Project("{FAE04EC0-301F-11D3-BF4B-00C04F79EFBC}") = "Utils", "Utils\Utils.csproj", "{6654EE55-B589-40BD-BFF9-1BCC0A6E9916}"
EndProject
Project("{FAE04EC0-301F-11D3-BF4B-00C04F79EFBC}") = "CreateArtificialDensity", "CreateArtificialDensity\CreateArtificialDensity.csproj", "{E6781A40-9E84-4D18-A18D-6D397EF34952}"
	ProjectSection(ProjectDependencies) = postProject
		{6654EE55-B589-40BD-BFF9-1BCC0A6E9916} = {6654EE55-B589-40BD-BFF9-1BCC0A6E9916}
	EndProjectSection
EndProject
Project("{FAE04EC0-301F-11D3-BF4B-00C04F79EFBC}") = "GaussProjection", "GaussProjection\GaussProjection.csproj", "{D8A01DC6-4792-478D-B4CE-D3DA6CE2DE50}"
EndProject
Project("{FAE04EC0-301F-11D3-BF4B-00C04F79EFBC}") = "FlexibleRefinement", "FlexibleRefinement\FlexibleRefinement.csproj", "{168D4E10-9809-49C7-B613-8ED231EFAB94}"
	ProjectSection(ProjectDependencies) = postProject
		{6654EE55-B589-40BD-BFF9-1BCC0A6E9916} = {6654EE55-B589-40BD-BFF9-1BCC0A6E9916}
	EndProjectSection
EndProject
Project("{8BC9CEB8-8B4A-11D0-8D11-00A0C91BC942}") = "volume_2_pseudoatoms", "volume_2_pseudoatoms.vcxproj", "{1F65B879-7515-4136-8083-965162E5DB63}"
EndProject
Project("{FAE04EC0-301F-11D3-BF4B-00C04F79EFBC}") = "Preprocessor", "Preprocessor\Preprocessor.csproj", "{46368D6F-B1D7-4D08-9F83-30B19FCAA2B8}"
EndProject
Project("{8BC9CEB8-8B4A-11D0-8D11-00A0C91BC942}") = "libFlexibleRefinement", "libFlexibleRefinement.vcxproj", "{97E66D89-92B6-4A40-921B-5CE275C7A1A7}"
EndProject
Project("{FAE04EC0-301F-11D3-BF4B-00C04F79EFBC}") = "Testing", "Testing\Testing.csproj", "{F823EDBD-5D29-4358-9BBD-EF4A543B2B6B}"
EndProject
Project("{8BC9CEB8-8B4A-11D0-8D11-00A0C91BC942}") = "ImageHandler", "ImageHandler.vcxproj", "{CB2BCD2C-341E-4F1F-8155-63206C872138}"
EndProject
Project("{FAE04EC0-301F-11D3-BF4B-00C04F79EFBC}") = "pseudoatoms", "..\..\Dev\pseudoatoms\pseudoatoms.csproj", "{C898D659-A358-4676-B63F-D8C2A8DFF4AE}"
EndProject
Project("{8BC9CEB8-8B4A-11D0-8D11-00A0C91BC942}") = "PseudoRefinementGPU", "PseudoRefinementGPU.vcxproj", "{DDE28246-C461-465B-9032-517B6EC4837E}"
EndProject
Global
	GlobalSection(SolutionConfigurationPlatforms) = preSolution
		Debug(double)|Any CPU = Debug(double)|Any CPU
		Debug(double)|x64 = Debug(double)|x64
		Debug(double)|x86 = Debug(double)|x86
		Debug|Any CPU = Debug|Any CPU
		Debug|x64 = Debug|x64
		Debug|x86 = Debug|x86
		Release_float|Any CPU = Release_float|Any CPU
		Release_float|x64 = Release_float|x64
		Release_float|x86 = Release_float|x86
		Release|Any CPU = Release|Any CPU
		Release|x64 = Release|x64
		Release|x86 = Release|x86
	EndGlobalSection
	GlobalSection(ProjectConfigurationPlatforms) = postSolution
		{A859CA76-5B14-4F86-8E17-EC8CD308D2D9}.Debug(double)|Any CPU.ActiveCfg = Debug|Any CPU
		{A859CA76-5B14-4F86-8E17-EC8CD308D2D9}.Debug(double)|Any CPU.Build.0 = Debug|Any CPU
		{A859CA76-5B14-4F86-8E17-EC8CD308D2D9}.Debug(double)|x64.ActiveCfg = Debug|Any CPU
		{A859CA76-5B14-4F86-8E17-EC8CD308D2D9}.Debug(double)|x64.Build.0 = Debug|Any CPU
		{A859CA76-5B14-4F86-8E17-EC8CD308D2D9}.Debug(double)|x86.ActiveCfg = Debug|Any CPU
		{A859CA76-5B14-4F86-8E17-EC8CD308D2D9}.Debug(double)|x86.Build.0 = Debug|Any CPU
		{A859CA76-5B14-4F86-8E17-EC8CD308D2D9}.Debug|Any CPU.ActiveCfg = Debug(float)|Any CPU
		{A859CA76-5B14-4F86-8E17-EC8CD308D2D9}.Debug|Any CPU.Build.0 = Debug(float)|Any CPU
		{A859CA76-5B14-4F86-8E17-EC8CD308D2D9}.Debug|x64.ActiveCfg = Debug(float)|Any CPU
		{A859CA76-5B14-4F86-8E17-EC8CD308D2D9}.Debug|x64.Build.0 = Debug(float)|Any CPU
		{A859CA76-5B14-4F86-8E17-EC8CD308D2D9}.Debug|x86.ActiveCfg = Debug(float)|Any CPU
		{A859CA76-5B14-4F86-8E17-EC8CD308D2D9}.Debug|x86.Build.0 = Debug(float)|Any CPU
		{A859CA76-5B14-4F86-8E17-EC8CD308D2D9}.Release_float|Any CPU.ActiveCfg = Release_float|Any CPU
		{A859CA76-5B14-4F86-8E17-EC8CD308D2D9}.Release_float|Any CPU.Build.0 = Release_float|Any CPU
		{A859CA76-5B14-4F86-8E17-EC8CD308D2D9}.Release_float|x64.ActiveCfg = Release_float|Any CPU
		{A859CA76-5B14-4F86-8E17-EC8CD308D2D9}.Release_float|x64.Build.0 = Release_float|Any CPU
		{A859CA76-5B14-4F86-8E17-EC8CD308D2D9}.Release_float|x86.ActiveCfg = Release_float|Any CPU
		{A859CA76-5B14-4F86-8E17-EC8CD308D2D9}.Release_float|x86.Build.0 = Release_float|Any CPU
		{A859CA76-5B14-4F86-8E17-EC8CD308D2D9}.Release|Any CPU.ActiveCfg = Release|Any CPU
		{A859CA76-5B14-4F86-8E17-EC8CD308D2D9}.Release|Any CPU.Build.0 = Release|Any CPU
		{A859CA76-5B14-4F86-8E17-EC8CD308D2D9}.Release|x64.ActiveCfg = Release|Any CPU
		{A859CA76-5B14-4F86-8E17-EC8CD308D2D9}.Release|x64.Build.0 = Release|Any CPU
		{A859CA76-5B14-4F86-8E17-EC8CD308D2D9}.Release|x86.ActiveCfg = Release|Any CPU
		{A859CA76-5B14-4F86-8E17-EC8CD308D2D9}.Release|x86.Build.0 = Release|Any CPU
		{6654EE55-B589-40BD-BFF9-1BCC0A6E9916}.Debug(double)|Any CPU.ActiveCfg = Debug|Any CPU
		{6654EE55-B589-40BD-BFF9-1BCC0A6E9916}.Debug(double)|Any CPU.Build.0 = Debug|Any CPU
		{6654EE55-B589-40BD-BFF9-1BCC0A6E9916}.Debug(double)|x64.ActiveCfg = Debug|Any CPU
		{6654EE55-B589-40BD-BFF9-1BCC0A6E9916}.Debug(double)|x64.Build.0 = Debug|Any CPU
		{6654EE55-B589-40BD-BFF9-1BCC0A6E9916}.Debug(double)|x86.ActiveCfg = Debug|Any CPU
		{6654EE55-B589-40BD-BFF9-1BCC0A6E9916}.Debug(double)|x86.Build.0 = Debug|Any CPU
		{6654EE55-B589-40BD-BFF9-1BCC0A6E9916}.Debug|Any CPU.ActiveCfg = Debug(float)|Any CPU
		{6654EE55-B589-40BD-BFF9-1BCC0A6E9916}.Debug|Any CPU.Build.0 = Debug(float)|Any CPU
		{6654EE55-B589-40BD-BFF9-1BCC0A6E9916}.Debug|x64.ActiveCfg = Debug(float)|Any CPU
		{6654EE55-B589-40BD-BFF9-1BCC0A6E9916}.Debug|x64.Build.0 = Debug(float)|Any CPU
		{6654EE55-B589-40BD-BFF9-1BCC0A6E9916}.Debug|x86.ActiveCfg = Debug(float)|Any CPU
		{6654EE55-B589-40BD-BFF9-1BCC0A6E9916}.Debug|x86.Build.0 = Debug(float)|Any CPU
		{6654EE55-B589-40BD-BFF9-1BCC0A6E9916}.Release_float|Any CPU.ActiveCfg = Release_float|Any CPU
		{6654EE55-B589-40BD-BFF9-1BCC0A6E9916}.Release_float|Any CPU.Build.0 = Release_float|Any CPU
		{6654EE55-B589-40BD-BFF9-1BCC0A6E9916}.Release_float|x64.ActiveCfg = Release_float|Any CPU
		{6654EE55-B589-40BD-BFF9-1BCC0A6E9916}.Release_float|x64.Build.0 = Release_float|Any CPU
		{6654EE55-B589-40BD-BFF9-1BCC0A6E9916}.Release_float|x86.ActiveCfg = Release_float|Any CPU
		{6654EE55-B589-40BD-BFF9-1BCC0A6E9916}.Release_float|x86.Build.0 = Release_float|Any CPU
		{6654EE55-B589-40BD-BFF9-1BCC0A6E9916}.Release|Any CPU.ActiveCfg = Release|Any CPU
		{6654EE55-B589-40BD-BFF9-1BCC0A6E9916}.Release|Any CPU.Build.0 = Release|Any CPU
		{6654EE55-B589-40BD-BFF9-1BCC0A6E9916}.Release|x64.ActiveCfg = Release|Any CPU
		{6654EE55-B589-40BD-BFF9-1BCC0A6E9916}.Release|x64.Build.0 = Release|Any CPU
		{6654EE55-B589-40BD-BFF9-1BCC0A6E9916}.Release|x86.ActiveCfg = Release|Any CPU
		{6654EE55-B589-40BD-BFF9-1BCC0A6E9916}.Release|x86.Build.0 = Release|Any CPU
		{E6781A40-9E84-4D18-A18D-6D397EF34952}.Debug(double)|Any CPU.ActiveCfg = Debug|Any CPU
		{E6781A40-9E84-4D18-A18D-6D397EF34952}.Debug(double)|Any CPU.Build.0 = Debug|Any CPU
		{E6781A40-9E84-4D18-A18D-6D397EF34952}.Debug(double)|x64.ActiveCfg = Debug|Any CPU
		{E6781A40-9E84-4D18-A18D-6D397EF34952}.Debug(double)|x64.Build.0 = Debug|Any CPU
		{E6781A40-9E84-4D18-A18D-6D397EF34952}.Debug(double)|x86.ActiveCfg = Debug|Any CPU
		{E6781A40-9E84-4D18-A18D-6D397EF34952}.Debug(double)|x86.Build.0 = Debug|Any CPU
		{E6781A40-9E84-4D18-A18D-6D397EF34952}.Debug|Any CPU.ActiveCfg = Debug(float)|Any CPU
		{E6781A40-9E84-4D18-A18D-6D397EF34952}.Debug|Any CPU.Build.0 = Debug(float)|Any CPU
		{E6781A40-9E84-4D18-A18D-6D397EF34952}.Debug|x64.ActiveCfg = Debug(float)|Any CPU
		{E6781A40-9E84-4D18-A18D-6D397EF34952}.Debug|x64.Build.0 = Debug(float)|Any CPU
		{E6781A40-9E84-4D18-A18D-6D397EF34952}.Debug|x86.ActiveCfg = Debug(float)|Any CPU
		{E6781A40-9E84-4D18-A18D-6D397EF34952}.Debug|x86.Build.0 = Debug(float)|Any CPU
		{E6781A40-9E84-4D18-A18D-6D397EF34952}.Release_float|Any CPU.ActiveCfg = Release_float|Any CPU
		{E6781A40-9E84-4D18-A18D-6D397EF34952}.Release_float|Any CPU.Build.0 = Release_float|Any CPU
		{E6781A40-9E84-4D18-A18D-6D397EF34952}.Release_float|x64.ActiveCfg = Release_float|Any CPU
		{E6781A40-9E84-4D18-A18D-6D397EF34952}.Release_float|x64.Build.0 = Release_float|Any CPU
		{E6781A40-9E84-4D18-A18D-6D397EF34952}.Release_float|x86.ActiveCfg = Release_float|Any CPU
		{E6781A40-9E84-4D18-A18D-6D397EF34952}.Release_float|x86.Build.0 = Release_float|Any CPU
		{E6781A40-9E84-4D18-A18D-6D397EF34952}.Release|Any CPU.ActiveCfg = Release|Any CPU
		{E6781A40-9E84-4D18-A18D-6D397EF34952}.Release|Any CPU.Build.0 = Release|Any CPU
		{E6781A40-9E84-4D18-A18D-6D397EF34952}.Release|x64.ActiveCfg = Release|Any CPU
		{E6781A40-9E84-4D18-A18D-6D397EF34952}.Release|x64.Build.0 = Release|Any CPU
		{E6781A40-9E84-4D18-A18D-6D397EF34952}.Release|x86.ActiveCfg = Release|Any CPU
		{E6781A40-9E84-4D18-A18D-6D397EF34952}.Release|x86.Build.0 = Release|Any CPU
		{D8A01DC6-4792-478D-B4CE-D3DA6CE2DE50}.Debug(double)|Any CPU.ActiveCfg = Debug|Any CPU
		{D8A01DC6-4792-478D-B4CE-D3DA6CE2DE50}.Debug(double)|Any CPU.Build.0 = Debug|Any CPU
		{D8A01DC6-4792-478D-B4CE-D3DA6CE2DE50}.Debug(double)|x64.ActiveCfg = Debug|Any CPU
		{D8A01DC6-4792-478D-B4CE-D3DA6CE2DE50}.Debug(double)|x64.Build.0 = Debug|Any CPU
		{D8A01DC6-4792-478D-B4CE-D3DA6CE2DE50}.Debug(double)|x86.ActiveCfg = Debug|Any CPU
		{D8A01DC6-4792-478D-B4CE-D3DA6CE2DE50}.Debug(double)|x86.Build.0 = Debug|Any CPU
		{D8A01DC6-4792-478D-B4CE-D3DA6CE2DE50}.Debug|Any CPU.ActiveCfg = Debug(float)|Any CPU
		{D8A01DC6-4792-478D-B4CE-D3DA6CE2DE50}.Debug|Any CPU.Build.0 = Debug(float)|Any CPU
		{D8A01DC6-4792-478D-B4CE-D3DA6CE2DE50}.Debug|x64.ActiveCfg = Debug(float)|Any CPU
		{D8A01DC6-4792-478D-B4CE-D3DA6CE2DE50}.Debug|x64.Build.0 = Debug(float)|Any CPU
		{D8A01DC6-4792-478D-B4CE-D3DA6CE2DE50}.Debug|x86.ActiveCfg = Debug(float)|Any CPU
		{D8A01DC6-4792-478D-B4CE-D3DA6CE2DE50}.Debug|x86.Build.0 = Debug(float)|Any CPU
		{D8A01DC6-4792-478D-B4CE-D3DA6CE2DE50}.Release_float|Any CPU.ActiveCfg = Release_float|Any CPU
		{D8A01DC6-4792-478D-B4CE-D3DA6CE2DE50}.Release_float|Any CPU.Build.0 = Release_float|Any CPU
		{D8A01DC6-4792-478D-B4CE-D3DA6CE2DE50}.Release_float|x64.ActiveCfg = Release_float|Any CPU
		{D8A01DC6-4792-478D-B4CE-D3DA6CE2DE50}.Release_float|x64.Build.0 = Release_float|Any CPU
		{D8A01DC6-4792-478D-B4CE-D3DA6CE2DE50}.Release_float|x86.ActiveCfg = Release_float|Any CPU
		{D8A01DC6-4792-478D-B4CE-D3DA6CE2DE50}.Release_float|x86.Build.0 = Release_float|Any CPU
		{D8A01DC6-4792-478D-B4CE-D3DA6CE2DE50}.Release|Any CPU.ActiveCfg = Release|Any CPU
		{D8A01DC6-4792-478D-B4CE-D3DA6CE2DE50}.Release|Any CPU.Build.0 = Release|Any CPU
		{D8A01DC6-4792-478D-B4CE-D3DA6CE2DE50}.Release|x64.ActiveCfg = Release|Any CPU
		{D8A01DC6-4792-478D-B4CE-D3DA6CE2DE50}.Release|x64.Build.0 = Release|Any CPU
		{D8A01DC6-4792-478D-B4CE-D3DA6CE2DE50}.Release|x86.ActiveCfg = Release|Any CPU
		{D8A01DC6-4792-478D-B4CE-D3DA6CE2DE50}.Release|x86.Build.0 = Release|Any CPU
		{168D4E10-9809-49C7-B613-8ED231EFAB94}.Debug(double)|Any CPU.ActiveCfg = Debug|Any CPU
		{168D4E10-9809-49C7-B613-8ED231EFAB94}.Debug(double)|Any CPU.Build.0 = Debug|Any CPU
		{168D4E10-9809-49C7-B613-8ED231EFAB94}.Debug(double)|x64.ActiveCfg = Debug|Any CPU
		{168D4E10-9809-49C7-B613-8ED231EFAB94}.Debug(double)|x64.Build.0 = Debug|Any CPU
		{168D4E10-9809-49C7-B613-8ED231EFAB94}.Debug(double)|x86.ActiveCfg = Debug|Any CPU
		{168D4E10-9809-49C7-B613-8ED231EFAB94}.Debug(double)|x86.Build.0 = Debug|Any CPU
		{168D4E10-9809-49C7-B613-8ED231EFAB94}.Debug|Any CPU.ActiveCfg = Debug(float)|Any CPU
		{168D4E10-9809-49C7-B613-8ED231EFAB94}.Debug|Any CPU.Build.0 = Debug(float)|Any CPU
		{168D4E10-9809-49C7-B613-8ED231EFAB94}.Debug|x64.ActiveCfg = Debug(float)|Any CPU
		{168D4E10-9809-49C7-B613-8ED231EFAB94}.Debug|x64.Build.0 = Debug(float)|Any CPU
		{168D4E10-9809-49C7-B613-8ED231EFAB94}.Debug|x86.ActiveCfg = Debug(float)|Any CPU
		{168D4E10-9809-49C7-B613-8ED231EFAB94}.Debug|x86.Build.0 = Debug(float)|Any CPU
		{168D4E10-9809-49C7-B613-8ED231EFAB94}.Release_float|Any CPU.ActiveCfg = Release_float|Any CPU
		{168D4E10-9809-49C7-B613-8ED231EFAB94}.Release_float|Any CPU.Build.0 = Release_float|Any CPU
		{168D4E10-9809-49C7-B613-8ED231EFAB94}.Release_float|x64.ActiveCfg = Release_float|Any CPU
		{168D4E10-9809-49C7-B613-8ED231EFAB94}.Release_float|x64.Build.0 = Release_float|Any CPU
		{168D4E10-9809-49C7-B613-8ED231EFAB94}.Release_float|x86.ActiveCfg = Release_float|Any CPU
		{168D4E10-9809-49C7-B613-8ED231EFAB94}.Release_float|x86.Build.0 = Release_float|Any CPU
		{168D4E10-9809-49C7-B613-8ED231EFAB94}.Release|Any CPU.ActiveCfg = Release|Any CPU
		{168D4E10-9809-49C7-B613-8ED231EFAB94}.Release|Any CPU.Build.0 = Release|Any CPU
		{168D4E10-9809-49C7-B613-8ED231EFAB94}.Release|x64.ActiveCfg = Release|Any CPU
		{168D4E10-9809-49C7-B613-8ED231EFAB94}.Release|x64.Build.0 = Release|Any CPU
		{168D4E10-9809-49C7-B613-8ED231EFAB94}.Release|x86.ActiveCfg = Release|Any CPU
		{168D4E10-9809-49C7-B613-8ED231EFAB94}.Release|x86.Build.0 = Release|Any CPU
		{1F65B879-7515-4136-8083-965162E5DB63}.Debug(double)|Any CPU.ActiveCfg = Debug|x64
		{1F65B879-7515-4136-8083-965162E5DB63}.Debug(double)|Any CPU.Build.0 = Debug|x64
		{1F65B879-7515-4136-8083-965162E5DB63}.Debug(double)|x64.ActiveCfg = Debug|x64
		{1F65B879-7515-4136-8083-965162E5DB63}.Debug(double)|x64.Build.0 = Debug|x64
		{1F65B879-7515-4136-8083-965162E5DB63}.Debug(double)|x86.ActiveCfg = Debug|Win32
		{1F65B879-7515-4136-8083-965162E5DB63}.Debug(double)|x86.Build.0 = Debug|Win32
		{1F65B879-7515-4136-8083-965162E5DB63}.Debug|Any CPU.ActiveCfg = Debug(float)|Win32
		{1F65B879-7515-4136-8083-965162E5DB63}.Debug|x64.ActiveCfg = Debug(float)|x64
		{1F65B879-7515-4136-8083-965162E5DB63}.Debug|x64.Build.0 = Debug(float)|x64
		{1F65B879-7515-4136-8083-965162E5DB63}.Debug|x86.ActiveCfg = Debug(float)|Win32
		{1F65B879-7515-4136-8083-965162E5DB63}.Debug|x86.Build.0 = Debug(float)|Win32
		{1F65B879-7515-4136-8083-965162E5DB63}.Release_float|Any CPU.ActiveCfg = Release_float|Win32
		{1F65B879-7515-4136-8083-965162E5DB63}.Release_float|x64.ActiveCfg = Release_float|x64
		{1F65B879-7515-4136-8083-965162E5DB63}.Release_float|x64.Build.0 = Release_float|x64
		{1F65B879-7515-4136-8083-965162E5DB63}.Release_float|x86.ActiveCfg = Release_float|Win32
		{1F65B879-7515-4136-8083-965162E5DB63}.Release_float|x86.Build.0 = Release_float|Win32
		{1F65B879-7515-4136-8083-965162E5DB63}.Release|Any CPU.ActiveCfg = Release|Win32
		{1F65B879-7515-4136-8083-965162E5DB63}.Release|x64.ActiveCfg = Release|x64
		{1F65B879-7515-4136-8083-965162E5DB63}.Release|x64.Build.0 = Release|x64
		{1F65B879-7515-4136-8083-965162E5DB63}.Release|x86.ActiveCfg = Release|Win32
		{1F65B879-7515-4136-8083-965162E5DB63}.Release|x86.Build.0 = Release|Win32
		{46368D6F-B1D7-4D08-9F83-30B19FCAA2B8}.Debug(double)|Any CPU.ActiveCfg = Debug|Any CPU
		{46368D6F-B1D7-4D08-9F83-30B19FCAA2B8}.Debug(double)|Any CPU.Build.0 = Debug|Any CPU
		{46368D6F-B1D7-4D08-9F83-30B19FCAA2B8}.Debug(double)|x64.ActiveCfg = Debug|Any CPU
		{46368D6F-B1D7-4D08-9F83-30B19FCAA2B8}.Debug(double)|x64.Build.0 = Debug|Any CPU
		{46368D6F-B1D7-4D08-9F83-30B19FCAA2B8}.Debug(double)|x86.ActiveCfg = Debug|Any CPU
		{46368D6F-B1D7-4D08-9F83-30B19FCAA2B8}.Debug(double)|x86.Build.0 = Debug|Any CPU
		{46368D6F-B1D7-4D08-9F83-30B19FCAA2B8}.Debug|Any CPU.ActiveCfg = Debug(float)|Any CPU
		{46368D6F-B1D7-4D08-9F83-30B19FCAA2B8}.Debug|Any CPU.Build.0 = Debug(float)|Any CPU
		{46368D6F-B1D7-4D08-9F83-30B19FCAA2B8}.Debug|x64.ActiveCfg = Debug(float)|Any CPU
		{46368D6F-B1D7-4D08-9F83-30B19FCAA2B8}.Debug|x64.Build.0 = Debug(float)|Any CPU
		{46368D6F-B1D7-4D08-9F83-30B19FCAA2B8}.Debug|x86.ActiveCfg = Debug(float)|Any CPU
		{46368D6F-B1D7-4D08-9F83-30B19FCAA2B8}.Debug|x86.Build.0 = Debug(float)|Any CPU
		{46368D6F-B1D7-4D08-9F83-30B19FCAA2B8}.Release_float|Any CPU.ActiveCfg = Release_float|Any CPU
		{46368D6F-B1D7-4D08-9F83-30B19FCAA2B8}.Release_float|Any CPU.Build.0 = Release_float|Any CPU
		{46368D6F-B1D7-4D08-9F83-30B19FCAA2B8}.Release_float|x64.ActiveCfg = Release_float|Any CPU
		{46368D6F-B1D7-4D08-9F83-30B19FCAA2B8}.Release_float|x64.Build.0 = Release_float|Any CPU
		{46368D6F-B1D7-4D08-9F83-30B19FCAA2B8}.Release_float|x86.ActiveCfg = Release_float|Any CPU
		{46368D6F-B1D7-4D08-9F83-30B19FCAA2B8}.Release_float|x86.Build.0 = Release_float|Any CPU
		{46368D6F-B1D7-4D08-9F83-30B19FCAA2B8}.Release|Any CPU.ActiveCfg = Release|Any CPU
		{46368D6F-B1D7-4D08-9F83-30B19FCAA2B8}.Release|Any CPU.Build.0 = Release|Any CPU
		{46368D6F-B1D7-4D08-9F83-30B19FCAA2B8}.Release|x64.ActiveCfg = Release|Any CPU
		{46368D6F-B1D7-4D08-9F83-30B19FCAA2B8}.Release|x64.Build.0 = Release|Any CPU
		{46368D6F-B1D7-4D08-9F83-30B19FCAA2B8}.Release|x86.ActiveCfg = Release|Any CPU
		{46368D6F-B1D7-4D08-9F83-30B19FCAA2B8}.Release|x86.Build.0 = Release|Any CPU
		{97E66D89-92B6-4A40-921B-5CE275C7A1A7}.Debug(double)|Any CPU.ActiveCfg = Debug|x64
		{97E66D89-92B6-4A40-921B-5CE275C7A1A7}.Debug(double)|Any CPU.Build.0 = Debug|x64
		{97E66D89-92B6-4A40-921B-5CE275C7A1A7}.Debug(double)|x64.ActiveCfg = Debug|x64
		{97E66D89-92B6-4A40-921B-5CE275C7A1A7}.Debug(double)|x64.Build.0 = Debug|x64
		{97E66D89-92B6-4A40-921B-5CE275C7A1A7}.Debug(double)|x86.ActiveCfg = Debug|Win32
		{97E66D89-92B6-4A40-921B-5CE275C7A1A7}.Debug(double)|x86.Build.0 = Debug|Win32
		{97E66D89-92B6-4A40-921B-5CE275C7A1A7}.Debug|Any CPU.ActiveCfg = Debug(float)|Win32
		{97E66D89-92B6-4A40-921B-5CE275C7A1A7}.Debug|x64.ActiveCfg = Debug(float)|x64
		{97E66D89-92B6-4A40-921B-5CE275C7A1A7}.Debug|x64.Build.0 = Debug(float)|x64
		{97E66D89-92B6-4A40-921B-5CE275C7A1A7}.Debug|x86.ActiveCfg = Debug(float)|Win32
		{97E66D89-92B6-4A40-921B-5CE275C7A1A7}.Debug|x86.Build.0 = Debug(float)|Win32
		{97E66D89-92B6-4A40-921B-5CE275C7A1A7}.Release_float|Any CPU.ActiveCfg = Release_float|Win32
		{97E66D89-92B6-4A40-921B-5CE275C7A1A7}.Release_float|x64.ActiveCfg = Release_float|x64
		{97E66D89-92B6-4A40-921B-5CE275C7A1A7}.Release_float|x64.Build.0 = Release_float|x64
		{97E66D89-92B6-4A40-921B-5CE275C7A1A7}.Release_float|x86.ActiveCfg = Release_float|Win32
		{97E66D89-92B6-4A40-921B-5CE275C7A1A7}.Release_float|x86.Build.0 = Release_float|Win32
		{97E66D89-92B6-4A40-921B-5CE275C7A1A7}.Release|Any CPU.ActiveCfg = Release|Win32
		{97E66D89-92B6-4A40-921B-5CE275C7A1A7}.Release|x64.ActiveCfg = Release|x64
		{97E66D89-92B6-4A40-921B-5CE275C7A1A7}.Release|x64.Build.0 = Release|x64
		{97E66D89-92B6-4A40-921B-5CE275C7A1A7}.Release|x86.ActiveCfg = Release|Win32
		{97E66D89-92B6-4A40-921B-5CE275C7A1A7}.Release|x86.Build.0 = Release|Win32
		{F823EDBD-5D29-4358-9BBD-EF4A543B2B6B}.Debug(double)|Any CPU.ActiveCfg = Debug|Any CPU
		{F823EDBD-5D29-4358-9BBD-EF4A543B2B6B}.Debug(double)|Any CPU.Build.0 = Debug|Any CPU
		{F823EDBD-5D29-4358-9BBD-EF4A543B2B6B}.Debug(double)|x64.ActiveCfg = Debug|Any CPU
		{F823EDBD-5D29-4358-9BBD-EF4A543B2B6B}.Debug(double)|x64.Build.0 = Debug|Any CPU
		{F823EDBD-5D29-4358-9BBD-EF4A543B2B6B}.Debug(double)|x86.ActiveCfg = Debug|Any CPU
		{F823EDBD-5D29-4358-9BBD-EF4A543B2B6B}.Debug(double)|x86.Build.0 = Debug|Any CPU
		{F823EDBD-5D29-4358-9BBD-EF4A543B2B6B}.Debug|Any CPU.ActiveCfg = Debug(float)|Any CPU
		{F823EDBD-5D29-4358-9BBD-EF4A543B2B6B}.Debug|Any CPU.Build.0 = Debug(float)|Any CPU
		{F823EDBD-5D29-4358-9BBD-EF4A543B2B6B}.Debug|x64.ActiveCfg = Debug(float)|Any CPU
		{F823EDBD-5D29-4358-9BBD-EF4A543B2B6B}.Debug|x64.Build.0 = Debug(float)|Any CPU
		{F823EDBD-5D29-4358-9BBD-EF4A543B2B6B}.Debug|x86.ActiveCfg = Debug(float)|Any CPU
		{F823EDBD-5D29-4358-9BBD-EF4A543B2B6B}.Debug|x86.Build.0 = Debug(float)|Any CPU
		{F823EDBD-5D29-4358-9BBD-EF4A543B2B6B}.Release_float|Any CPU.ActiveCfg = Release_float|Any CPU
		{F823EDBD-5D29-4358-9BBD-EF4A543B2B6B}.Release_float|Any CPU.Build.0 = Release_float|Any CPU
		{F823EDBD-5D29-4358-9BBD-EF4A543B2B6B}.Release_float|x64.ActiveCfg = Release_float|Any CPU
		{F823EDBD-5D29-4358-9BBD-EF4A543B2B6B}.Release_float|x64.Build.0 = Release_float|Any CPU
		{F823EDBD-5D29-4358-9BBD-EF4A543B2B6B}.Release_float|x86.ActiveCfg = Release_float|Any CPU
		{F823EDBD-5D29-4358-9BBD-EF4A543B2B6B}.Release_float|x86.Build.0 = Release_float|Any CPU
		{F823EDBD-5D29-4358-9BBD-EF4A543B2B6B}.Release|Any CPU.ActiveCfg = Release|Any CPU
		{F823EDBD-5D29-4358-9BBD-EF4A543B2B6B}.Release|Any CPU.Build.0 = Release|Any CPU
		{F823EDBD-5D29-4358-9BBD-EF4A543B2B6B}.Release|x64.ActiveCfg = Release|Any CPU
		{F823EDBD-5D29-4358-9BBD-EF4A543B2B6B}.Release|x64.Build.0 = Release|Any CPU
		{F823EDBD-5D29-4358-9BBD-EF4A543B2B6B}.Release|x86.ActiveCfg = Release|Any CPU
		{F823EDBD-5D29-4358-9BBD-EF4A543B2B6B}.Release|x86.Build.0 = Release|Any CPU
		{CB2BCD2C-341E-4F1F-8155-63206C872138}.Debug(double)|Any CPU.ActiveCfg = Debug|Win32
		{CB2BCD2C-341E-4F1F-8155-63206C872138}.Debug(double)|x64.ActiveCfg = Debug|x64
		{CB2BCD2C-341E-4F1F-8155-63206C872138}.Debug(double)|x64.Build.0 = Debug|x64
		{CB2BCD2C-341E-4F1F-8155-63206C872138}.Debug(double)|x86.ActiveCfg = Debug|Win32
		{CB2BCD2C-341E-4F1F-8155-63206C872138}.Debug(double)|x86.Build.0 = Debug|Win32
		{CB2BCD2C-341E-4F1F-8155-63206C872138}.Debug|Any CPU.ActiveCfg = Debug(float)|Win32
		{CB2BCD2C-341E-4F1F-8155-63206C872138}.Debug|x64.ActiveCfg = Debug(float)|x64
		{CB2BCD2C-341E-4F1F-8155-63206C872138}.Debug|x64.Build.0 = Debug(float)|x64
		{CB2BCD2C-341E-4F1F-8155-63206C872138}.Debug|x86.ActiveCfg = Debug(float)|Win32
		{CB2BCD2C-341E-4F1F-8155-63206C872138}.Debug|x86.Build.0 = Debug(float)|Win32
		{CB2BCD2C-341E-4F1F-8155-63206C872138}.Release_float|Any CPU.ActiveCfg = Release_float|Win32
		{CB2BCD2C-341E-4F1F-8155-63206C872138}.Release_float|x64.ActiveCfg = Release_float|x64
		{CB2BCD2C-341E-4F1F-8155-63206C872138}.Release_float|x64.Build.0 = Release_float|x64
		{CB2BCD2C-341E-4F1F-8155-63206C872138}.Release_float|x86.ActiveCfg = Release_float|Win32
		{CB2BCD2C-341E-4F1F-8155-63206C872138}.Release_float|x86.Build.0 = Release_float|Win32
		{CB2BCD2C-341E-4F1F-8155-63206C872138}.Release|Any CPU.ActiveCfg = Release|Win32
		{CB2BCD2C-341E-4F1F-8155-63206C872138}.Release|x64.ActiveCfg = Release|x64
		{CB2BCD2C-341E-4F1F-8155-63206C872138}.Release|x64.Build.0 = Release|x64
		{CB2BCD2C-341E-4F1F-8155-63206C872138}.Release|x86.ActiveCfg = Release|Win32
		{CB2BCD2C-341E-4F1F-8155-63206C872138}.Release|x86.Build.0 = Release|Win32
		{C898D659-A358-4676-B63F-D8C2A8DFF4AE}.Debug(double)|Any CPU.ActiveCfg = Debug|Any CPU
		{C898D659-A358-4676-B63F-D8C2A8DFF4AE}.Debug(double)|Any CPU.Build.0 = Debug|Any CPU
		{C898D659-A358-4676-B63F-D8C2A8DFF4AE}.Debug(double)|x64.ActiveCfg = Debug|Any CPU
		{C898D659-A358-4676-B63F-D8C2A8DFF4AE}.Debug(double)|x64.Build.0 = Debug|Any CPU
		{C898D659-A358-4676-B63F-D8C2A8DFF4AE}.Debug(double)|x86.ActiveCfg = Debug|Any CPU
		{C898D659-A358-4676-B63F-D8C2A8DFF4AE}.Debug(double)|x86.Build.0 = Debug|Any CPU
		{C898D659-A358-4676-B63F-D8C2A8DFF4AE}.Debug|Any CPU.ActiveCfg = Debug(float)|Any CPU
		{C898D659-A358-4676-B63F-D8C2A8DFF4AE}.Debug|Any CPU.Build.0 = Debug(float)|Any CPU
		{C898D659-A358-4676-B63F-D8C2A8DFF4AE}.Debug|x64.ActiveCfg = Debug(float)|Any CPU
		{C898D659-A358-4676-B63F-D8C2A8DFF4AE}.Debug|x64.Build.0 = Debug(float)|Any CPU
		{C898D659-A358-4676-B63F-D8C2A8DFF4AE}.Debug|x86.ActiveCfg = Debug(float)|Any CPU
		{C898D659-A358-4676-B63F-D8C2A8DFF4AE}.Debug|x86.Build.0 = Debug(float)|Any CPU
		{C898D659-A358-4676-B63F-D8C2A8DFF4AE}.Release_float|Any CPU.ActiveCfg = Release_float|Any CPU
		{C898D659-A358-4676-B63F-D8C2A8DFF4AE}.Release_float|Any CPU.Build.0 = Release_float|Any CPU
		{C898D659-A358-4676-B63F-D8C2A8DFF4AE}.Release_float|x64.ActiveCfg = Release_float|Any CPU
		{C898D659-A358-4676-B63F-D8C2A8DFF4AE}.Release_float|x64.Build.0 = Release_float|Any CPU
		{C898D659-A358-4676-B63F-D8C2A8DFF4AE}.Release_float|x86.ActiveCfg = Release_float|Any CPU
		{C898D659-A358-4676-B63F-D8C2A8DFF4AE}.Release_float|x86.Build.0 = Release_float|Any CPU
		{C898D659-A358-4676-B63F-D8C2A8DFF4AE}.Release|Any CPU.ActiveCfg = Release|Any CPU
		{C898D659-A358-4676-B63F-D8C2A8DFF4AE}.Release|Any CPU.Build.0 = Release|Any CPU
		{C898D659-A358-4676-B63F-D8C2A8DFF4AE}.Release|x64.ActiveCfg = Release|Any CPU
		{C898D659-A358-4676-B63F-D8C2A8DFF4AE}.Release|x64.Build.0 = Release|Any CPU
		{C898D659-A358-4676-B63F-D8C2A8DFF4AE}.Release|x86.ActiveCfg = Release|Any CPU
		{C898D659-A358-4676-B63F-D8C2A8DFF4AE}.Release|x86.Build.0 = Release|Any CPU
		{DDE28246-C461-465B-9032-517B6EC4837E}.Debug(double)|Any CPU.ActiveCfg = Debug|x64
		{DDE28246-C461-465B-9032-517B6EC4837E}.Debug(double)|x64.ActiveCfg = Debug|x64
		{DDE28246-C461-465B-9032-517B6EC4837E}.Debug(double)|x64.Build.0 = Debug|x64
		{DDE28246-C461-465B-9032-517B6EC4837E}.Debug(double)|x86.ActiveCfg = Debug|x64
		{DDE28246-C461-465B-9032-517B6EC4837E}.Debug|Any CPU.ActiveCfg = Release|x64
		{DDE28246-C461-465B-9032-517B6EC4837E}.Debug|Any CPU.Build.0 = Release|x64
		{DDE28246-C461-465B-9032-517B6EC4837E}.Debug|x64.ActiveCfg = Debug|x64
		{DDE28246-C461-465B-9032-517B6EC4837E}.Debug|x64.Build.0 = Debug|x64
		{DDE28246-C461-465B-9032-517B6EC4837E}.Debug|x86.ActiveCfg = Release|x64
		{DDE28246-C461-465B-9032-517B6EC4837E}.Debug|x86.Build.0 = Release|x64
		{DDE28246-C461-465B-9032-517B6EC4837E}.Release_float|Any CPU.ActiveCfg = Release|x64
		{DDE28246-C461-465B-9032-517B6EC4837E}.Release_float|Any CPU.Build.0 = Release|x64
		{DDE28246-C461-465B-9032-517B6EC4837E}.Release_float|x64.ActiveCfg = Release|x64
		{DDE28246-C461-465B-9032-517B6EC4837E}.Release_float|x64.Build.0 = Release|x64
		{DDE28246-C461-465B-9032-517B6EC4837E}.Release_float|x86.ActiveCfg = Release|x64
		{DDE28246-C461-465B-9032-517B6EC4837E}.Release_float|x86.Build.0 = Release|x64
		{DDE28246-C461-465B-9032-517B6EC4837E}.Release|Any CPU.ActiveCfg = Release|x64
		{DDE28246-C461-465B-9032-517B6EC4837E}.Release|x64.ActiveCfg = Release|x64
		{DDE28246-C461-465B-9032-517B6EC4837E}.Release|x64.Build.0 = Release|x64
		{DDE28246-C461-465B-9032-517B6EC4837E}.Release|x86.ActiveCfg = Release|x64
	EndGlobalSection
	GlobalSection(SolutionProperties) = preSolution
		HideSolutionNode = FALSE
	EndGlobalSection
	GlobalSection(ExtensibilityGlobals) = postSolution
		SolutionGuid = {B15C000E-241D-4EF6-B6DB-479BCED019EA}
	EndGlobalSection
EndGlobal
