<?xml version="1.0" encoding="utf-8"?>
<Project ToolsVersion="4.0" xmlns="http://schemas.microsoft.com/developer/msbuild/2003">
  <ItemGroup>
    <Filter Include="Source Files">
      <UniqueIdentifier>{b939faaa-d974-478e-a2aa-e739b4bd8f0a}</UniqueIdentifier>
    </Filter>
    <Filter Include="Header Files">
      <UniqueIdentifier>{b6fefe21-e494-4cde-b81c-0c149233f94e}</UniqueIdentifier>
    </Filter>
  </ItemGroup>
  <ItemGroup>
    <ClCompile Include="src_cpp\funcs.cpp">
      <Filter>Source Files</Filter>
    </ClCompile>
    <ClCompile Include="src_cpp\readMRC.cpp">
      <Filter>Source Files</Filter>
    </ClCompile>
    <ClCompile Include="src_cpp\Types.cpp">
      <Filter>Source Files</Filter>
    </ClCompile>
    <ClCompile Include="src_cpp\ImageHandler.cpp">
      <Filter>Source Files</Filter>
    </ClCompile>
    <ClCompile Include="src_cpp\metadata_container.cpp">
      <Filter>Source Files</Filter>
    </ClCompile>
    <ClCompile Include="src_cpp\metadata_label.cpp">
      <Filter>Source Files</Filter>
    </ClCompile>
    <ClCompile Include="src_cpp\metadata_table.cpp">
      <Filter>Source Files</Filter>
    </ClCompile>
  </ItemGroup>
  <ItemGroup>
    <ClInclude Include="src_cpp\funcs.h">
      <Filter>Header Files</Filter>
    </ClInclude>
    <ClInclude Include="src_cpp\readMRC.h">
      <Filter>Header Files</Filter>
    </ClInclude>
    <ClInclude Include="src_cpp\Types.h">
      <Filter>Header Files</Filter>
    </ClInclude>
    <ClInclude Include="src_cpp\metadata_container.h">
      <Filter>Header Files</Filter>
    </ClInclude>
    <ClInclude Include="src_cpp\metadata_label.h">
      <Filter>Header Files</Filter>
    </ClInclude>
    <ClInclude Include="src_cpp\metadata_table.h">
      <Filter>Header Files</Filter>
    </ClInclude>
  </ItemGroup>
  <ItemGroup>
    <None Include="cpp.hint" />
  </ItemGroup>
</Project>