<?xml version="1.0" encoding="utf-8"?>
<Project ToolsVersion="4.0" xmlns="http://schemas.microsoft.com/developer/msbuild/2003">
  <ItemGroup>
    <CudaCompile Include="src_cu\cudaHelpers.cu">
      <Filter>Source Files</Filter>
    </CudaCompile>
    <CudaCompile Include="src_cu\gpu_project.cu">
      <Filter>Source Files</Filter>
    </CudaCompile>
  </ItemGroup>
  <ItemGroup>
    <ClCompile Include="src_cpp\AtomMover.cpp">
      <Filter>Source Files</Filter>
    </ClCompile>
    <ClCompile Include="src_cpp\fourier_filter.cpp">
      <Filter>Source Files</Filter>
    </ClCompile>
    <ClCompile Include="src_cpp\histogram.cpp">
      <Filter>Source Files</Filter>
    </ClCompile>
    <ClCompile Include="src_cpp\metadata_container.cpp">
      <Filter>Source Files</Filter>
    </ClCompile>
    <ClCompile Include="src_cpp\metadata_label.cpp">
      <Filter>Source Files</Filter>
    </ClCompile>
    <ClCompile Include="src_cpp\metadata_table.cpp">
      <Filter>Source Files</Filter>
    </ClCompile>
    <ClCompile Include="src_cpp\funcs.cpp">
      <Filter>Source Files</Filter>
    </ClCompile>
    <ClCompile Include="src_cpp\MovementAnalysis.cpp">
      <Filter>Source Files</Filter>
    </ClCompile>
    <ClCompile Include="src_cpp\my_mask.cpp">
      <Filter>Source Files</Filter>
    </ClCompile>
    <ClCompile Include="src_cpp\pseudoatoms.cpp">
      <Filter>Source Files</Filter>
    </ClCompile>
    <ClCompile Include="src_cpp\readMRC.cpp">
      <Filter>Source Files</Filter>
    </ClCompile>
    <ClCompile Include="src_cpp\Types.cpp">
      <Filter>Source Files</Filter>
    </ClCompile>
    <ClCompile Include="src_cpp\volume_to_pseudoatoms.cpp">
      <Filter>Source Files</Filter>
    </ClCompile>
    <ClCompile Include="src_cpp\Warp_GPU.cpp">
      <Filter>Source Files</Filter>
    </ClCompile>
    <ClCompile Include="src_cpp\ADAM_Solver.cpp">
      <Filter>Source Files</Filter>
    </ClCompile>
    <ClCompile Include="src_cpp\ProjectionReader.cpp">
      <Filter>Source Files</Filter>
    </ClCompile>
    <ClCompile Include="src_cpp\PseudoProjector.cpp">
      <Filter>Source Files</Filter>
    </ClCompile>
  </ItemGroup>
  <ItemGroup>
    <ClInclude Include="src_cpp\AtomMover.h">
      <Filter>Header Files</Filter>
    </ClInclude>
    <ClInclude Include="src_cu\cudaHelpers.cuh">
      <Filter>Header Files</Filter>
    </ClInclude>
    <ClInclude Include="src_cpp\fourier_filter.h">
      <Filter>Header Files</Filter>
    </ClInclude>
    <ClInclude Include="src_cpp\funcs.h">
      <Filter>Header Files</Filter>
    </ClInclude>
    <ClInclude Include="src_cu\gpu_project.cuh">
      <Filter>Header Files</Filter>
    </ClInclude>
    <ClInclude Include="src_cpp\histogram.h">
      <Filter>Header Files</Filter>
    </ClInclude>
    <ClInclude Include="src_cpp\liblionImports.h">
      <Filter>Header Files</Filter>
    </ClInclude>
    <ClInclude Include="src_cpp\metadata_container.h">
      <Filter>Header Files</Filter>
    </ClInclude>
    <ClInclude Include="src_cpp\metadata_label.h">
      <Filter>Header Files</Filter>
    </ClInclude>
    <ClInclude Include="src_cpp\metadata_table.h">
      <Filter>Header Files</Filter>
    </ClInclude>
    <ClInclude Include="src_cpp\my_mask.h">
      <Filter>Header Files</Filter>
    </ClInclude>
    <ClInclude Include="src_cpp\pseudoatoms.h">
      <Filter>Header Files</Filter>
    </ClInclude>
    <ClInclude Include="src_cpp\readMRC.h">
      <Filter>Header Files</Filter>
    </ClInclude>
    <ClInclude Include="src_cpp\Types.h">
      <Filter>Header Files</Filter>
    </ClInclude>
    <ClInclude Include="src_cpp\volume_to_pseudoatoms.h">
      <Filter>Header Files</Filter>
    </ClInclude>
    <ClInclude Include="src_cpp\Warp_GPU.h">
      <Filter>Header Files</Filter>
    </ClInclude>
    <ClInclude Include="src_cpp\ADAM_Solver.h">
      <Filter>Header Files</Filter>
    </ClInclude>
    <ClInclude Include="src_cpp\ProjectionReader.h">
      <Filter>Header Files</Filter>
    </ClInclude>
    <ClInclude Include="src_cpp\PseudoProjector.h">
      <Filter>Header Files</Filter>
    </ClInclude>
  </ItemGroup>
  <ItemGroup>
    <Filter Include="Header Files">
      <UniqueIdentifier>{abfeeb6f-3e80-4d94-8acf-0c7df64ea3fc}</UniqueIdentifier>
      <Extensions>h;hh;hpp;hxx;hm;inl;inc;ipp;xsd;cuh</Extensions>
    </Filter>
    <Filter Include="Source Files">
      <UniqueIdentifier>{23674457-5bc5-45f3-a396-a9ae6db3a836}</UniqueIdentifier>
      <Extensions>cpp;c;cc;cxx;def;odl;idl;hpj;bat;asm;asmx</Extensions>
    </Filter>
  </ItemGroup>
</Project>