<?xml version="1.0" encoding="utf-8"?>
<Project ToolsVersion="4.0" xmlns="http://schemas.microsoft.com/developer/msbuild/2003">
  <ItemGroup>
    <Filter Include="Source Files">
      <UniqueIdentifier>{b939faaa-d974-478e-a2aa-e739b4bd8f0a}</UniqueIdentifier>
    </Filter>
    <Filter Include="Header Files">
      <UniqueIdentifier>{b6fefe21-e494-4cde-b81c-0c149233f94e}</UniqueIdentifier>
    </Filter>
  </ItemGroup>
  <ItemGroup>
    <ClCompile Include="src_cpp\funcs.cpp">
      <Filter>Source Files</Filter>
    </ClCompile>
    <ClCompile Include="src_cpp\main_pseudoprojector.cpp">
      <Filter>Source Files</Filter>
    </ClCompile>
    <ClCompile Include="src_cpp\metadata_container.cpp">
      <Filter>Source Files</Filter>
    </ClCompile>
    <ClCompile Include="src_cpp\metadata_label.cpp">
      <Filter>Source Files</Filter>
    </ClCompile>
    <ClCompile Include="src_cpp\metadata_table.cpp">
      <Filter>Source Files</Filter>
    </ClCompile>
    <ClCompile Include="src_cpp\pseudoatoms.cpp">
      <Filter>Source Files</Filter>
    </ClCompile>
    <ClCompile Include="src_cpp\PseudoProjector.cpp">
      <Filter>Source Files</Filter>
    </ClCompile>
    <ClCompile Include="src_cpp\readMRC.cpp">
      <Filter>Source Files</Filter>
    </ClCompile>
    <ClCompile Include="src_cpp\readStar.cpp">
      <Filter>Source Files</Filter>
    </ClCompile>
    <ClCompile Include="src_cpp\Warp_GPU.cpp">
      <Filter>Source Files</Filter>
    </ClCompile>
    <ClCompile Include="src_cpp\Types.cpp">
      <Filter>Source Files</Filter>
    </ClCompile>
    <ClCompile Include="src_cpp\ProjectionReader.cpp">
      <Filter>Source Files</Filter>
    </ClCompile>
  </ItemGroup>
  <ItemGroup>
    <ClInclude Include="src_cpp\funcs.h">
      <Filter>Header Files</Filter>
    </ClInclude>
    <ClInclude Include="src_cpp\liblionImports.h">
      <Filter>Header Files</Filter>
    </ClInclude>
    <ClInclude Include="src_cpp\metadata_container.h">
      <Filter>Header Files</Filter>
    </ClInclude>
    <ClInclude Include="src_cpp\metadata_label.h">
      <Filter>Header Files</Filter>
    </ClInclude>
    <ClInclude Include="src_cpp\metadata_table.h">
      <Filter>Header Files</Filter>
    </ClInclude>
    <ClInclude Include="src_cpp\pseudoatoms.h">
      <Filter>Header Files</Filter>
    </ClInclude>
    <ClInclude Include="src_cpp\PseudoProjector.h">
      <Filter>Header Files</Filter>
    </ClInclude>
    <ClInclude Include="src_cpp\readMRC.h">
      <Filter>Header Files</Filter>
    </ClInclude>
    <ClInclude Include="src_cpp\Warp_GPU.h">
      <Filter>Header Files</Filter>
    </ClInclude>
    <ClInclude Include="src_cu\gpu_project.cuh">
      <Filter>Header Files</Filter>
    </ClInclude>
    <ClInclude Include="src_cpp\Types.h">
      <Filter>Header Files</Filter>
    </ClInclude>
    <ClInclude Include="src_cu\cudaHelpers.cuh">
      <Filter>Header Files</Filter>
    </ClInclude>
    <ClInclude Include="src_cpp\MyProjector.h">
      <Filter>Header Files</Filter>
    </ClInclude>
    <ClInclude Include="src_cpp\ProjectionReader.h">
      <Filter>Header Files</Filter>
    </ClInclude>
  </ItemGroup>
  <ItemGroup>
    <CudaCompile Include="src_cu\gpu_project.cu">
      <Filter>Source Files</Filter>
    </CudaCompile>
    <CudaCompile Include="src_cu\cudaHelpers.cu">
      <Filter>Source Files</Filter>
    </CudaCompile>
  </ItemGroup>
  <ItemGroup>
    <None Include="cpp.hint" />
  </ItemGroup>
</Project>