<?xml version="1.0" encoding="utf-8"?>
<Project ToolsVersion="4.0" xmlns="http://schemas.microsoft.com/developer/msbuild/2003">
  <ItemGroup>
    <Filter Include="Source Files">
      <UniqueIdentifier>{4FC737F1-C7A5-4376-A066-2A32D752A2FF}</UniqueIdentifier>
      <Extensions>cpp;c;cc;cxx;def;odl;idl;hpj;bat;asm;asmx</Extensions>
    </Filter>
    <Filter Include="Header Files">
      <UniqueIdentifier>{93995380-89BD-4b04-88EB-625FBE52EBFB}</UniqueIdentifier>
      <Extensions>h;hh;hpp;hxx;hm;inl;inc;ipp;xsd</Extensions>
    </Filter>
    <Filter Include="Resource Files">
      <UniqueIdentifier>{67DA6AB6-F800-4c08-8B7A-83BB121AAD01}</UniqueIdentifier>
      <Extensions>rc;ico;cur;bmp;dlg;rc2;rct;bin;rgs;gif;jpg;jpeg;jpe;resx;tiff;tif;png;wav;mfcribbon-ms</Extensions>
    </Filter>
  </ItemGroup>
  <ItemGroup>
    <ClInclude Include="external\cxxopts\cxxopts.hpp">
      <Filter>Header Files</Filter>
    </ClInclude>
    <ClInclude Include="src_cpp\fourier_filter.h">
      <Filter>Header Files</Filter>
    </ClInclude>
    <ClInclude Include="src_cpp\histogram.h">
      <Filter>Header Files</Filter>
    </ClInclude>
    <ClInclude Include="src_cpp\liblionImports.h">
      <Filter>Header Files</Filter>
    </ClInclude>
    <ClInclude Include="src_cpp\macros.h">
      <Filter>Header Files</Filter>
    </ClInclude>
    <ClInclude Include="src_cpp\my_mask.h">
      <Filter>Header Files</Filter>
    </ClInclude>
    <ClInclude Include="src_cpp\readMRC.h">
      <Filter>Header Files</Filter>
    </ClInclude>
    <ClInclude Include="src_cpp\Types.h">
      <Filter>Header Files</Filter>
    </ClInclude>
    <ClInclude Include="src_cpp\funcs.h">
      <Filter>Header Files</Filter>
    </ClInclude>
    <ClInclude Include="src_cpp\pseudoatoms.h">
      <Filter>Header Files</Filter>
    </ClInclude>
    <ClInclude Include="src_cpp\Warp_GPU.h">
      <Filter>Header Files</Filter>
    </ClInclude>
    <ClInclude Include="src_cpp\metadata_container.h">
      <Filter>Source Files</Filter>
    </ClInclude>
    <ClInclude Include="src_cpp\metadata_label.h">
      <Filter>Source Files</Filter>
    </ClInclude>
    <ClInclude Include="src_cpp\metadata_table.h">
      <Filter>Source Files</Filter>
    </ClInclude>
    <ClInclude Include="src_cu\cudaHelpers.cuh">
      <Filter>Source Files</Filter>
    </ClInclude>
  </ItemGroup>
  <ItemGroup>
    <ClCompile Include="src_cpp\fourier_filter.cpp">
      <Filter>Source Files</Filter>
    </ClCompile>
    <ClCompile Include="src_cpp\histogram.cpp">
      <Filter>Source Files</Filter>
    </ClCompile>
    <ClCompile Include="src_cpp\my_mask.cpp">
      <Filter>Source Files</Filter>
    </ClCompile>
    <ClCompile Include="src_cpp\readMRC.cpp">
      <Filter>Source Files</Filter>
    </ClCompile>
    <ClCompile Include="src_cpp\Types.cpp">
      <Filter>Source Files</Filter>
    </ClCompile>
    <ClCompile Include="src_cpp\funcs.cpp">
      <Filter>Source Files</Filter>
    </ClCompile>
    <ClCompile Include="src_cpp\pseudoatoms.cpp">
      <Filter>Source Files</Filter>
    </ClCompile>
    <ClCompile Include="src_cpp\volume_to_pseudoatoms.h">
      <Filter>Header Files</Filter>
    </ClCompile>
    <ClCompile Include="src_cpp\Warp_GPU.cpp">
      <Filter>Source Files</Filter>
    </ClCompile>
    <ClCompile Include="src_cpp\metadata_container.cpp">
      <Filter>Source Files</Filter>
    </ClCompile>
    <ClCompile Include="src_cpp\metadata_label.cpp">
      <Filter>Source Files</Filter>
    </ClCompile>
    <ClCompile Include="src_cpp\metadata_table.cpp">
      <Filter>Source Files</Filter>
    </ClCompile>
    <ClCompile Include="src_cpp\main_volume_to_pseudoatoms.cpp">
      <Filter>Source Files</Filter>
    </ClCompile>
    <ClCompile Include="src_cpp\volume_to_pseudoatoms.cpp">
      <Filter>Source Files</Filter>
    </ClCompile>
  </ItemGroup>
  <ItemGroup>
    <CudaCompile Include="src_cu\cudaHelpers.cu">
      <Filter>Source Files</Filter>
    </CudaCompile>
  </ItemGroup>
</Project>